
Microsoft Visual Studio Solution File, Format Version 12.00
# Visual Studio Version 17
VisualStudioVersion = 17.4.33403.182
MinimumVisualStudioVersion = 10.0.40219.1
Project("{FAE04EC0-301F-11D3-BF4B-00C04F79EFBC}") = "WebApp", "WebApp.csproj", "{546ACDA0-34E8-4541-A6EC-ACA543A06E3C}"
EndProject
Global
	GlobalSection(SolutionConfigurationPlatforms) = preSolution
		Debug|Any CPU = Debug|Any CPU
		Release|Any CPU = Release|Any CPU
	EndGlobalSection
	GlobalSection(ProjectConfigurationPlatforms) = postSolution
		{546ACDA0-34E8-4541-A6EC-ACA543A06E3C}.Debug|Any CPU.ActiveCfg = Debug|Any CPU
		{546ACDA0-34E8-4541-A6EC-ACA543A06E3C}.Debug|Any CPU.Build.0 = Debug|Any CPU
		{546ACDA0-34E8-4541-A6EC-ACA543A06E3C}.Release|Any CPU.ActiveCfg = Release|Any CPU
		{546ACDA0-34E8-4541-A6EC-ACA543A06E3C}.Release|Any CPU.Build.0 = Release|Any CPU
	EndGlobalSection
	GlobalSection(SolutionProperties) = preSolution
		HideSolutionNode = FALSE
	EndGlobalSection
	GlobalSection(ExtensibilityGlobals) = postSolution
		SolutionGuid = {2CBD2DCF-C28B-4223-B50B-4A538088D4F4}
	EndGlobalSection
EndGlobal
